
Microsoft Visual Studio Solution File, Format Version 12.00
# Visual Studio 2013
VisualStudioVersion = 12.0.31101.0
MinimumVisualStudioVersion = 10.0.40219.1
Project("{FAE04EC0-301F-11D3-BF4B-00C04F79EFBC}") = "h-opc", "h-opc\h-opc.csproj", "{4F43B6F0-0C32-4C34-978E-9B8B5B0B6E80}"
EndProject
Project("{FAE04EC0-301F-11D3-BF4B-00C04F79EFBC}") = "tests", "tests\tests.csproj", "{53952D19-EEFC-499E-B92F-D3689AEAD82D}"
EndProject
Project("{FAE04EC0-301F-11D3-BF4B-00C04F79EFBC}") = "h-opc-cli", "h-opc-cli\h-opc-cli.csproj", "{AC7F07EB-0762-4976-B833-C405780B094B}"
EndProject
Global
	GlobalSection(SolutionConfigurationPlatforms) = preSolution
		Debug|Any CPU = Debug|Any CPU
		Release|Any CPU = Release|Any CPU
	EndGlobalSection
	GlobalSection(ProjectConfigurationPlatforms) = postSolution
		{4F43B6F0-0C32-4C34-978E-9B8B5B0B6E80}.Debug|Any CPU.ActiveCfg = Debug|Any CPU
		{4F43B6F0-0C32-4C34-978E-9B8B5B0B6E80}.Debug|Any CPU.Build.0 = Debug|Any CPU
		{4F43B6F0-0C32-4C34-978E-9B8B5B0B6E80}.Release|Any CPU.ActiveCfg = Release|Any CPU
		{4F43B6F0-0C32-4C34-978E-9B8B5B0B6E80}.Release|Any CPU.Build.0 = Release|Any CPU
		{53952D19-EEFC-499E-B92F-D3689AEAD82D}.Debug|Any CPU.ActiveCfg = Debug|Any CPU
		{53952D19-EEFC-499E-B92F-D3689AEAD82D}.Debug|Any CPU.Build.0 = Debug|Any CPU
		{53952D19-EEFC-499E-B92F-D3689AEAD82D}.Release|Any CPU.ActiveCfg = Release|Any CPU
		{53952D19-EEFC-499E-B92F-D3689AEAD82D}.Release|Any CPU.Build.0 = Release|Any CPU
		{AC7F07EB-0762-4976-B833-C405780B094B}.Debug|Any CPU.ActiveCfg = Debug|Any CPU
		{AC7F07EB-0762-4976-B833-C405780B094B}.Debug|Any CPU.Build.0 = Debug|Any CPU
		{AC7F07EB-0762-4976-B833-C405780B094B}.Release|Any CPU.ActiveCfg = Release|Any CPU
		{AC7F07EB-0762-4976-B833-C405780B094B}.Release|Any CPU.Build.0 = Release|Any CPU
	EndGlobalSection
	GlobalSection(SolutionProperties) = preSolution
		HideSolutionNode = FALSE
	EndGlobalSection
EndGlobal
